
Microsoft Visual Studio Solution File, Format Version 12.00
# Visual Studio Version 17
VisualStudioVersion = 17.13.35828.75 d17.13
MinimumVisualStudioVersion = 10.0.40219.1
Project("{FAE04EC0-301F-11D3-BF4B-00C04F79EFBC}") = "Hipot", "src\Hipot\Hipot.csproj", "{FE3169C5-18D1-4C5A-9326-BB6001C52B9F}"
EndProject
Global
	GlobalSection(SolutionConfigurationPlatforms) = preSolution
		Debug|Any CPU = Debug|Any CPU
		Release|Any CPU = Release|Any CPU
	EndGlobalSection
	GlobalSection(ProjectConfigurationPlatforms) = postSolution
		{FE3169C5-18D1-4C5A-9326-BB6001C52B9F}.Debug|Any CPU.ActiveCfg = Debug|Any CPU
		{FE3169C5-18D1-4C5A-9326-BB6001C52B9F}.Debug|Any CPU.Build.0 = Debug|Any CPU
		{FE3169C5-18D1-4C5A-9326-BB6001C52B9F}.Release|Any CPU.ActiveCfg = Release|Any CPU
		{FE3169C5-18D1-4C5A-9326-BB6001C52B9F}.Release|Any CPU.Build.0 = Release|Any CPU
	EndGlobalSection
	GlobalSection(SolutionProperties) = preSolution
		HideSolutionNode = FALSE
	EndGlobalSection
	GlobalSection(ExtensibilityGlobals) = postSolution
		SolutionGuid = {4410FCD0-6752-4E01-BF60-228B74DDDAD4}
	EndGlobalSection
EndGlobal
